
Microsoft Visual Studio Solution File, Format Version 12.00
# Visual Studio Version 17
VisualStudioVersion = 17.13.35825.156
MinimumVisualStudioVersion = 10.0.40219.1
Project("{FAE04EC0-301F-11D3-BF4B-00C04F79EFBC}") = "PasswordValidator.API", "PasswordValidator.API\PasswordValidator.API.csproj", "{6116D49D-C7DD-4D05-8F22-CBA9EB271AB0}"
EndProject
Project("{FAE04EC0-301F-11D3-BF4B-00C04F79EFBC}") = "PasswordValidator.Domain", "PasswordValidator.Domain\PasswordValidator.Domain.csproj", "{2A93B32E-986E-4FAF-A1ED-43D9BA283F7A}"
EndProject
Project("{2150E333-8FDC-42A3-9474-1A3956D46DE8}") = "src", "src", "{02EA681E-C7D8-13C7-8484-4AC65E1B71E8}"
EndProject
Project("{2150E333-8FDC-42A3-9474-1A3956D46DE8}") = "tests", "tests", "{C85CD9EE-4A71-47FF-B6D2-0BE68D79EEF1}"
EndProject
Project("{FAE04EC0-301F-11D3-BF4B-00C04F79EFBC}") = "PasswordValidator.UnitTests", "tests\PasswordValidator.UnitTests\PasswordValidator.UnitTests.csproj", "{4D189199-A549-4EAB-8FB9-986FDD3B6BC1}"
EndProject
Project("{FAE04EC0-301F-11D3-BF4B-00C04F79EFBC}") = "PasswordValidator.IntegrationTests", "tests\PasswordValidator.IntegrationTests\PasswordValidator.IntegrationTests.csproj", "{6711C55D-AF3E-494C-B0BF-DF2BFA700514}"
EndProject
Global
	GlobalSection(SolutionConfigurationPlatforms) = preSolution
		Debug|Any CPU = Debug|Any CPU
		Release|Any CPU = Release|Any CPU
	EndGlobalSection
	GlobalSection(ProjectConfigurationPlatforms) = postSolution
		{6116D49D-C7DD-4D05-8F22-CBA9EB271AB0}.Debug|Any CPU.ActiveCfg = Debug|Any CPU
		{6116D49D-C7DD-4D05-8F22-CBA9EB271AB0}.Debug|Any CPU.Build.0 = Debug|Any CPU
		{6116D49D-C7DD-4D05-8F22-CBA9EB271AB0}.Release|Any CPU.ActiveCfg = Release|Any CPU
		{6116D49D-C7DD-4D05-8F22-CBA9EB271AB0}.Release|Any CPU.Build.0 = Release|Any CPU
		{2A93B32E-986E-4FAF-A1ED-43D9BA283F7A}.Debug|Any CPU.ActiveCfg = Debug|Any CPU
		{2A93B32E-986E-4FAF-A1ED-43D9BA283F7A}.Debug|Any CPU.Build.0 = Debug|Any CPU
		{2A93B32E-986E-4FAF-A1ED-43D9BA283F7A}.Release|Any CPU.ActiveCfg = Release|Any CPU
		{2A93B32E-986E-4FAF-A1ED-43D9BA283F7A}.Release|Any CPU.Build.0 = Release|Any CPU
		{4D189199-A549-4EAB-8FB9-986FDD3B6BC1}.Debug|Any CPU.ActiveCfg = Debug|Any CPU
		{4D189199-A549-4EAB-8FB9-986FDD3B6BC1}.Debug|Any CPU.Build.0 = Debug|Any CPU
		{4D189199-A549-4EAB-8FB9-986FDD3B6BC1}.Release|Any CPU.ActiveCfg = Release|Any CPU
		{4D189199-A549-4EAB-8FB9-986FDD3B6BC1}.Release|Any CPU.Build.0 = Release|Any CPU
		{6711C55D-AF3E-494C-B0BF-DF2BFA700514}.Debug|Any CPU.ActiveCfg = Debug|Any CPU
		{6711C55D-AF3E-494C-B0BF-DF2BFA700514}.Debug|Any CPU.Build.0 = Debug|Any CPU
		{6711C55D-AF3E-494C-B0BF-DF2BFA700514}.Release|Any CPU.ActiveCfg = Release|Any CPU
		{6711C55D-AF3E-494C-B0BF-DF2BFA700514}.Release|Any CPU.Build.0 = Release|Any CPU
	EndGlobalSection
	GlobalSection(SolutionProperties) = preSolution
		HideSolutionNode = FALSE
	EndGlobalSection
	GlobalSection(NestedProjects) = preSolution
		{6116D49D-C7DD-4D05-8F22-CBA9EB271AB0} = {02EA681E-C7D8-13C7-8484-4AC65E1B71E8}
		{2A93B32E-986E-4FAF-A1ED-43D9BA283F7A} = {02EA681E-C7D8-13C7-8484-4AC65E1B71E8}
		{4D189199-A549-4EAB-8FB9-986FDD3B6BC1} = {C85CD9EE-4A71-47FF-B6D2-0BE68D79EEF1}
		{6711C55D-AF3E-494C-B0BF-DF2BFA700514} = {C85CD9EE-4A71-47FF-B6D2-0BE68D79EEF1}
	EndGlobalSection
	GlobalSection(ExtensibilityGlobals) = postSolution
		SolutionGuid = {B3B35D78-3C9B-48A4-93AF-331A00B8C281}
	EndGlobalSection
EndGlobal
